
Microsoft Visual Studio Solution File, Format Version 12.00
# Visual Studio Version 17
VisualStudioVersion = 17.2.32630.192
MinimumVisualStudioVersion = 10.0.40219.1
Project("{F184B08F-C81C-45F6-A57F-5ABD9991F28F}") = "vb.net.4.8.001", "vb.net.4.8.001.vbproj", "{AA84906D-09EC-4B63-B775-5FDE91329DAA}"
EndProject
Global
	GlobalSection(SolutionConfigurationPlatforms) = preSolution
		Debug|Any CPU = Debug|Any CPU
		Release|Any CPU = Release|Any CPU
	EndGlobalSection
	GlobalSection(ProjectConfigurationPlatforms) = postSolution
		{AA84906D-09EC-4B63-B775-5FDE91329DAA}.Debug|Any CPU.ActiveCfg = Debug|Any CPU
		{AA84906D-09EC-4B63-B775-5FDE91329DAA}.Debug|Any CPU.Build.0 = Debug|Any CPU
		{AA84906D-09EC-4B63-B775-5FDE91329DAA}.Release|Any CPU.ActiveCfg = Release|Any CPU
		{AA84906D-09EC-4B63-B775-5FDE91329DAA}.Release|Any CPU.Build.0 = Release|Any CPU
	EndGlobalSection
	GlobalSection(SolutionProperties) = preSolution
		HideSolutionNode = FALSE
	EndGlobalSection
	GlobalSection(ExtensibilityGlobals) = postSolution
		SolutionGuid = {3108F3FE-FD0F-4BE3-B132-CA51FC75096C}
	EndGlobalSection
EndGlobal
